
Microsoft Visual Studio Solution File, Format Version 12.00
# Visual Studio Version 17
VisualStudioVersion = 17.14.36203.30
MinimumVisualStudioVersion = 10.0.40219.1
Project("{FAE04EC0-301F-11D3-BF4B-00C04F79EFBC}") = "ProjectA", "ProjectA\ProjectA.csproj", "{563F4162-F011-4E00-A539-A5D1AF09E91B}"
EndProject
Project("{FAE04EC0-301F-11D3-BF4B-00C04F79EFBC}") = "ProjectC", "ProjectC\ProjectC.csproj", "{E37298AB-D06F-4964-9E85-FAB6B9196F2C}"
EndProject
Global
	GlobalSection(SolutionConfigurationPlatforms) = preSolution
		Debug|Any CPU = Debug|Any CPU
		Release|Any CPU = Release|Any CPU
	EndGlobalSection
	GlobalSection(ProjectConfigurationPlatforms) = postSolution
		{563F4162-F011-4E00-A539-A5D1AF09E91B}.Debug|Any CPU.ActiveCfg = Debug|Any CPU
		{563F4162-F011-4E00-A539-A5D1AF09E91B}.Debug|Any CPU.Build.0 = Debug|Any CPU
		{563F4162-F011-4E00-A539-A5D1AF09E91B}.Release|Any CPU.ActiveCfg = Release|Any CPU
		{563F4162-F011-4E00-A539-A5D1AF09E91B}.Release|Any CPU.Build.0 = Release|Any CPU
		{E37298AB-D06F-4964-9E85-FAB6B9196F2C}.Debug|Any CPU.ActiveCfg = Debug|Any CPU
		{E37298AB-D06F-4964-9E85-FAB6B9196F2C}.Debug|Any CPU.Build.0 = Debug|Any CPU
		{E37298AB-D06F-4964-9E85-FAB6B9196F2C}.Release|Any CPU.ActiveCfg = Release|Any CPU
		{E37298AB-D06F-4964-9E85-FAB6B9196F2C}.Release|Any CPU.Build.0 = Release|Any CPU
	EndGlobalSection
	GlobalSection(SolutionProperties) = preSolution
		HideSolutionNode = FALSE
	EndGlobalSection
	GlobalSection(ExtensibilityGlobals) = postSolution
		SolutionGuid = {CF682644-E76D-4456-A369-D1690116FEE6}
	EndGlobalSection
EndGlobal
